
Microsoft Visual Studio Solution File, Format Version 12.00
# Visual Studio 15
VisualStudioVersion = 15.0.26730.16
MinimumVisualStudioVersion = 10.0.40219.1
Project("{9A19103F-16F7-4668-BE54-9A1E7A4F7556}") = "WeatherServices", "..\FoxBot\WeatherService\WeatherServices.csproj", "{81ACF532-49B5-4CC6-9F67-A3BD713E43A3}"
EndProject
Global
	GlobalSection(SolutionConfigurationPlatforms) = preSolution
		Debug|Any CPU = Debug|Any CPU
		Release|Any CPU = Release|Any CPU
	EndGlobalSection
	GlobalSection(ProjectConfigurationPlatforms) = postSolution
		{81ACF532-49B5-4CC6-9F67-A3BD713E43A3}.Debug|Any CPU.ActiveCfg = Debug|Any CPU
		{81ACF532-49B5-4CC6-9F67-A3BD713E43A3}.Debug|Any CPU.Build.0 = Debug|Any CPU
		{81ACF532-49B5-4CC6-9F67-A3BD713E43A3}.Release|Any CPU.ActiveCfg = Release|Any CPU
		{81ACF532-49B5-4CC6-9F67-A3BD713E43A3}.Release|Any CPU.Build.0 = Release|Any CPU
	EndGlobalSection
	GlobalSection(SolutionProperties) = preSolution
		HideSolutionNode = FALSE
	EndGlobalSection
	GlobalSection(ExtensibilityGlobals) = postSolution
		SolutionGuid = {B235910B-EC06-4914-968F-F684AD5593E8}
	EndGlobalSection
EndGlobal
